# This file is automatically @generated by Cargo.
# It is not intended for manual editing.
version = 4

[[package]]
name = "chronos-common"
version = "0.0.1"

[[package]]
name = "chronos-community"
version = "0.0.1"
dependencies = [
 "chronos-common",
 "chronos-graph-model",
]

[[package]]
name = "chronos-embedded"
version = "0.0.1"
dependencies = [
 "chronos-common",
 "chronos-query",
 "chronos-storage",
 "chronos-temporal",
]

[[package]]
name = "chronos-graph-model"
version = "0.0.1"
dependencies = [
 "chronos-common",
]

[[package]]
name = "chronos-index"
version = "0.0.1"
dependencies = [
 "chronos-common",
]

[[package]]
name = "chronos-mcp"
version = "0.0.1"
dependencies = [
 "chronos-common",
 "chronos-graph-model",
 "chronos-query",
]

[[package]]
name = "chronos-provenance"
version = "0.0.1"
dependencies = [
 "chronos-common",
]

[[package]]
name = "chronos-query"
version = "0.0.1"
dependencies = [
 "chronos-common",
 "chronos-graph-model",
 "chronos-index",
 "chronos-provenance",
 "chronos-storage",
 "chronos-temporal",
]

[[package]]
name = "chronos-resolution"
version = "0.0.1"
dependencies = [
 "chronos-common",
 "chronos-graph-model",
]

[[package]]
name = "chronos-server"
version = "0.0.1"
dependencies = [
 "chronos-common",
 "chronos-query",
 "chronos-temporal",
]

[[package]]
name = "chronos-storage"
version = "0.0.1"
dependencies = [
 "chronos-common",
]

[[package]]
name = "chronos-temporal"
version = "0.0.1"
dependencies = [
 "chronos-common",
]
